
Microsoft Visual Studio Solution File, Format Version 12.00
# Visual Studio 2012
Project("{FAE04EC0-301F-11D3-BF4B-00C04F79EFBC}") = "DWClientLib", "DWClientLib\DWClientLib.csproj", "{769804CD-B26E-4160-9F43-EFEFC594C915}"
EndProject
Project("{FAE04EC0-301F-11D3-BF4B-00C04F79EFBC}") = "ClientWithDll", "ClientWithDll\ClientWithDll.csproj", "{A09F8351-B482-4151-965E-45646BC9C6D7}"
EndProject
Global
	GlobalSection(SolutionConfigurationPlatforms) = preSolution
		Debug|Any CPU = Debug|Any CPU
		Release|Any CPU = Release|Any CPU
	EndGlobalSection
	GlobalSection(ProjectConfigurationPlatforms) = postSolution
		{769804CD-B26E-4160-9F43-EFEFC594C915}.Debug|Any CPU.ActiveCfg = Debug|Any CPU
		{769804CD-B26E-4160-9F43-EFEFC594C915}.Debug|Any CPU.Build.0 = Debug|Any CPU
		{769804CD-B26E-4160-9F43-EFEFC594C915}.Release|Any CPU.ActiveCfg = Release|Any CPU
		{769804CD-B26E-4160-9F43-EFEFC594C915}.Release|Any CPU.Build.0 = Release|Any CPU
		{A09F8351-B482-4151-965E-45646BC9C6D7}.Debug|Any CPU.ActiveCfg = Debug|Any CPU
		{A09F8351-B482-4151-965E-45646BC9C6D7}.Debug|Any CPU.Build.0 = Debug|Any CPU
		{A09F8351-B482-4151-965E-45646BC9C6D7}.Release|Any CPU.ActiveCfg = Release|Any CPU
		{A09F8351-B482-4151-965E-45646BC9C6D7}.Release|Any CPU.Build.0 = Release|Any CPU
	EndGlobalSection
	GlobalSection(SolutionProperties) = preSolution
		HideSolutionNode = FALSE
	EndGlobalSection
EndGlobal
